// !$*UTF8*$!
{
	archiveVersion = 1;
	classes = {
	};
	objectVersion = 46;
	objects = {

/* Begin PBXBuildFile section */
		A7EE1DFC1B1FAF650043CFD2 /* AppDelegate.swift in Sources */ = {isa = PBXBuildFile; fileRef = A7EE1DFB1B1FAF650043CFD2 /* AppDelegate.swift */; };
		A7EE1DFE1B1FAF650043CFD2 /* ViewController.swift in Sources */ = {isa = PBXBuildFile; fileRef = A7EE1DFD1B1FAF650043CFD2 /* ViewController.swift */; };
		A7EE1E011B1FAF650043CFD2 /* Main.storyboard in Resources */ = {isa = PBXBuildFile; fileRef = A7EE1DFF1B1FAF650043CFD2 /* Main.storyboard */; };
		A7EE1E031B1FAF650043CFD2 /* Images.xcassets in Resources */ = {isa = PBXBuildFile; fileRef = A7EE1E021B1FAF650043CFD2 /* Images.xcassets */; };
		A7EE1E061B1FAF650043CFD2 /* LaunchScreen.xib in Resources */ = {isa = PBXBuildFile; fileRef = A7EE1E041B1FAF650043CFD2 /* LaunchScreen.xib */; };
		A7EE1E121B1FAF650043CFD2 /* TranRecorderTests.swift in Sources */ = {isa = PBXBuildFile; fileRef = A7EE1E111B1FAF650043CFD2 /* TranRecorderTests.swift */; };
/* End PBXBuildFile section */

/* Begin PBXContainerItemProxy section */
		A7EE1E0C1B1FAF650043CFD2 /* PBXContainerItemProxy */ = {
			isa = PBXContainerItemProxy;
			containerPortal = A7EE1DEE1B1FAF650043CFD2 /* Project object */;
			proxyType = 1;
			remoteGlobalIDString = A7EE1DF51B1FAF650043CFD2;
			remoteInfo = TranRecorder;
		};
/* End PBXContainerItemProxy section */

/* Begin PBXFileReference section */
		A7EE1DF61B1FAF650043CFD2 /* TranRecorder.app */ = {isa = PBXFileReference; explicitFileType = wrapper.application; includeInIndex = 0; path = TranRecorder.app; sourceTree = BUILT_PRODUCTS_DIR; };
		A7EE1DFA1B1FAF650043CFD2 /* Info.plist */ = {isa = PBXFileReference; lastKnownFileType = text.plist.xml; path = Info.plist; sourceTree = "<group>"; };
		A7EE1DFB1B1FAF650043CFD2 /* AppDelegate.swift */ = {isa = PBXFileReference; lastKnownFileType = sourcecode.swift; path = AppDelegate.swift; sourceTree = "<group>"; };
		A7EE1DFD1B1FAF650043CFD2 /* ViewController.swift */ = {isa = PBXFileReference; lastKnownFileType = sourcecode.swift; path = ViewController.swift; sourceTree = "<group>"; };
		A7EE1E001B1FAF650043CFD2 /* Base */ = {isa = PBXFileReference; lastKnownFileType = file.storyboard; name = Base; path = Base.lproj/Main.storyboard; sourceTree = "<group>"; };
		A7EE1E021B1FAF650043CFD2 /* Images.xcassets */ = {isa = PBXFileReference; lastKnownFileType = folder.assetcatalog; path = Images.xcassets; sourceTree = "<group>"; };
		A7EE1E051B1FAF650043CFD2 /* Base */ = {isa = PBXFileReference; lastKnownFileType = file.xib; name = Base; path = Base.lproj/LaunchScreen.xib; sourceTree = "<group>"; };
		A7EE1E0B1B1FAF650043CFD2 /* TranRecorderTests.xctest */ = {isa = PBXFileReference; explicitFileType = wrapper.cfbundle; includeInIndex = 0; path = TranRecorderTests.xctest; sourceTree = BUILT_PRODUCTS_DIR; };
		A7EE1E101B1FAF650043CFD2 /* Info.plist */ = {isa = PBXFileReference; lastKnownFileType = text.plist.xml; path = Info.plist; sourceTree = "<group>"; };
		A7EE1E111B1FAF650043CFD2 /* TranRecorderTests.swift */ = {isa = PBXFileReference; lastKnownFileType = sourcecode.swift; path = TranRecorderTests.swift; sourceTree = "<group>"; };
/* End PBXFileReference section */

/* Begin PBXFrameworksBuildPhase section */
		A7EE1DF31B1FAF650043CFD2 /* Frameworks */ = {
			isa = PBXFrameworksBuildPhase;
			buildActionMask = 2147483647;
			files = (
			);
			runOnlyForDeploymentPostprocessing = 0;
		};
		A7EE1E081B1FAF650043CFD2 /* Frameworks */ = {
			isa = PBXFrameworksBuildPhase;
			buildActionMask = 2147483647;
			files = (
			);
			runOnlyForDeploymentPostprocessing = 0;
		};
/* End PBXFrameworksBuildPhase section */

/* Begin PBXGroup section */
		A7EE1DED1B1FAF650043CFD2 = {
			isa = PBXGroup;
			children = (
				A7EE1DF81B1FAF650043CFD2 /* TranRecorder */,
				A7EE1E0E1B1FAF650043CFD2 /* TranRecorderTests */,
				A7EE1DF71B1FAF650043CFD2 /* Products */,
			);
			sourceTree = "<group>";
		};
		A7EE1DF71B1FAF650043CFD2 /* Products */ = {
			isa = PBXGroup;
			children = (
				A7EE1DF61B1FAF650043CFD2 /* TranRecorder.app */,
				A7EE1E0B1B1FAF650043CFD2 /* TranRecorderTests.xctest */,
			);
			name = Products;
			sourceTree = "<group>";
		};
		A7EE1DF81B1FAF650043CFD2 /* TranRecorder */ = {
			isa = PBXGroup;
			children = (
				A7EE1DFB1B1FAF650043CFD2 /* AppDelegate.swift */,
				A7EE1DFD1B1FAF650043CFD2 /* ViewController.swift */,
				A7EE1DFF1B1FAF650043CFD2 /* Main.storyboard */,
				A7EE1E021B1FAF650043CFD2 /* Images.xcassets */,
				A7EE1E041B1FAF650043CFD2 /* LaunchScreen.xib */,
				A7EE1DF91B1FAF650043CFD2 /* Supporting Files */,
			);
			path = TranRecorder;
			sourceTree = "<group>";
		};
		A7EE1DF91B1FAF650043CFD2 /* Supporting Files */ = {
			isa = PBXGroup;
			children = (
				A7EE1DFA1B1FAF650043CFD2 /* Info.plist */,
			);
			name = "Supporting Files";
			sourceTree = "<group>";
		};
		A7EE1E0E1B1FAF650043CFD2 /* TranRecorderTests */ = {
			isa = PBXGroup;
			children = (
				A7EE1E111B1FAF650043CFD2 /* TranRecorderTests.swift */,
				A7EE1E0F1B1FAF650043CFD2 /* Supporting Files */,
			);
			path = TranRecorderTests;
			sourceTree = "<group>";
		};
		A7EE1E0F1B1FAF650043CFD2 /* Supporting Files */ = {
			isa = PBXGroup;
			children = (
				A7EE1E101B1FAF650043CFD2 /* Info.plist */,
			);
			name = "Supporting Files";
			sourceTree = "<group>";
		};
/* End PBXGroup section */

/* Begin PBXNativeTarget section */
		A7EE1DF51B1FAF650043CFD2 /* TranRecorder */ = {
			isa = PBXNativeTarget;
			buildConfigurationList = A7EE1E151B1FAF650043CFD2 /* Build configuration list for PBXNativeTarget "TranRecorder" */;
			buildPhases = (
				A7EE1DF21B1FAF650043CFD2 /* Sources */,
				A7EE1DF31B1FAF650043CFD2 /* Frameworks */,
				A7EE1DF41B1FAF650043CFD2 /* Resources */,
			);
			buildRules = (
			);
			dependencies = (
			);
			name = TranRecorder;
			productName = TranRecorder;
			productReference = A7EE1DF61B1FAF650043CFD2 /* TranRecorder.app */;
			productType = "com.apple.product-type.application";
		};
		A7EE1E0A1B1FAF650043CFD2 /* TranRecorderTests */ = {
			isa = PBXNativeTarget;
			buildConfigurationList = A7EE1E181B1FAF650043CFD2 /* Build configuration list for PBXNativeTarget "TranRecorderTests" */;
			buildPhases = (
				A7EE1E071B1FAF650043CFD2 /* Sources */,
				A7EE1E081B1FAF650043CFD2 /* Frameworks */,
				A7EE1E091B1FAF650043CFD2 /* Resources */,
			);
			buildRules = (
			);
			dependencies = (
				A7EE1E0D1B1FAF650043CFD2 /* PBXTargetDependency */,
			);
			name = TranRecorderTests;
			productName = TranRecorderTests;
			productReference = A7EE1E0B1B1FAF650043CFD2 /* TranRecorderTests.xctest */;
			productType = "com.apple.product-type.bundle.unit-test";
		};
/* End PBXNativeTarget section */

/* Begin PBXProject section */
		A7EE1DEE1B1FAF650043CFD2 /* Project object */ = {
			isa = PBXProject;
			attributes = {
				LastUpgradeCheck = 0630;
				ORGANIZATIONNAME = "Liu Siming";
				TargetAttributes = {
					A7EE1DF51B1FAF650043CFD2 = {
						CreatedOnToolsVersion = 6.3.2;
					};
					A7EE1E0A1B1FAF650043CFD2 = {
						CreatedOnToolsVersion = 6.3.2;
						TestTargetID = A7EE1DF51B1FAF650043CFD2;
					};
				};
			};
			buildConfigurationList = A7EE1DF11B1FAF650043CFD2 /* Build configuration list for PBXProject "TranRecorder" */;
			compatibilityVersion = "Xcode 3.2";
			developmentRegion = English;
			hasScannedForEncodings = 0;
			knownRegions = (
				en,
				Base,
			);
			mainGroup = A7EE1DED1B1FAF650043CFD2;
			productRefGroup = A7EE1DF71B1FAF650043CFD2 /* Products */;
			projectDirPath = "";
			projectRoot = "";
			targets = (
				A7EE1DF51B1FAF650043CFD2 /* TranRecorder */,
				A7EE1E0A1B1FAF650043CFD2 /* TranRecorderTests */,
			);
		};
/* End PBXProject section */

/* Begin PBXResourcesBuildPhase section */
		A7EE1DF41B1FAF650043CFD2 /* Resources */ = {
			isa = PBXResourcesBuildPhase;
			buildActionMask = 2147483647;
			files = (
				A7EE1E011B1FAF650043CFD2 /* Main.storyboard in Resources */,
				A7EE1E061B1FAF650043CFD2 /* LaunchScreen.xib in Resources */,
				A7EE1E031B1FAF650043CFD2 /* Images.xcassets in Resources */,
			);
			runOnlyForDeploymentPostprocessing = 0;
		};
		A7EE1E091B1FAF650043CFD2 /* Resources */ = {
			isa = PBXResourcesBuildPhase;
			buildActionMask = 2147483647;
			files = (
			);
			runOnlyForDeploymentPostprocessing = 0;
		};
/* End PBXResourcesBuildPhase section */

/* Begin PBXSourcesBuildPhase section */
		A7EE1DF21B1FAF650043CFD2 /* Sources */ = {
			isa = PBXSourcesBuildPhase;
			buildActionMask = 2147483647;
			files = (
				A7EE1DFE1B1FAF650043CFD2 /* ViewController.swift in Sources */,
				A7EE1DFC1B1FAF650043CFD2 /* AppDelegate.swift in Sources */,
			);
			runOnlyForDeploymentPostprocessing = 0;
		};
		A7EE1E071B1FAF650043CFD2 /* Sources */ = {
			isa = PBXSourcesBuildPhase;
			buildActionMask = 2147483647;
			files = (
				A7EE1E121B1FAF650043CFD2 /* TranRecorderTests.swift in Sources */,
			);
			runOnlyForDeploymentPostprocessing = 0;
		};
/* End PBXSourcesBuildPhase section */

/* Begin PBXTargetDependency section */
		A7EE1E0D1B1FAF650043CFD2 /* PBXTargetDependency */ = {
			isa = PBXTargetDependency;
			target = A7EE1DF51B1FAF650043CFD2 /* TranRecorder */;
			targetProxy = A7EE1E0C1B1FAF650043CFD2 /* PBXContainerItemProxy */;
		};
/* End PBXTargetDependency section */

/* Begin PBXVariantGroup section */
		A7EE1DFF1B1FAF650043CFD2 /* Main.storyboard */ = {
			isa = PBXVariantGroup;
			children = (
				A7EE1E001B1FAF650043CFD2 /* Base */,
			);
			name = Main.storyboard;
			sourceTree = "<group>";
		};
		A7EE1E041B1FAF650043CFD2 /* LaunchScreen.xib */ = {
			isa = PBXVariantGroup;
			children = (
				A7EE1E051B1FAF650043CFD2 /* Base */,
			);
			name = LaunchScreen.xib;
			sourceTree = "<group>";
		};
/* End PBXVariantGroup section */

/* Begin XCBuildConfiguration section */
		A7EE1E131B1FAF650043CFD2 /* Debug */ = {
			isa = XCBuildConfiguration;
			buildSettings = {
				ALWAYS_SEARCH_USER_PATHS = NO;
				CLANG_CXX_LANGUAGE_STANDARD = "gnu++0x";
				CLANG_CXX_LIBRARY = "libc++";
				CLANG_ENABLE_MODULES = YES;
				CLANG_ENABLE_OBJC_ARC = YES;
				CLANG_WARN_BOOL_CONVERSION = YES;
				CLANG_WARN_CONSTANT_CONVERSION = YES;
				CLANG_WARN_DIRECT_OBJC_ISA_USAGE = YES_ERROR;
				CLANG_WARN_EMPTY_BODY = YES;
				CLANG_WARN_ENUM_CONVERSION = YES;
				CLANG_WARN_INT_CONVERSION = YES;
				CLANG_WARN_OBJC_ROOT_CLASS = YES_ERROR;
				CLANG_WARN_UNREACHABLE_CODE = YES;
				CLANG_WARN__DUPLICATE_METHOD_MATCH = YES;
				"CODE_SIGN_IDENTITY[sdk=iphoneos*]" = "iPhone Developer";
				COPY_PHASE_STRIP = NO;
				DEBUG_INFORMATION_FORMAT = "dwarf-with-dsym";
				ENABLE_STRICT_OBJC_MSGSEND = YES;
				GCC_C_LANGUAGE_STANDARD = gnu99;
				GCC_DYNAMIC_NO_PIC = NO;
				GCC_NO_COMMON_BLOCKS = YES;
				GCC_OPTIMIZATION_LEVEL = 0;
				GCC_PREPROCESSOR_DEFINITIONS = (
					"DEBUG=1",
					"$(inherited)",
				);
				GCC_SYMBOLS_PRIVATE_EXTERN = NO;
				GCC_WARN_64_TO_32_BIT_CONVERSION = YES;
				GCC_WARN_ABOUT_RETURN_TYPE = YES_ERROR;
				GCC_WARN_UNDECLARED_SELECTOR = YES;
				GCC_WARN_UNINITIALIZED_AUTOS = YES_AGGRESSIVE;
				GCC_WARN_UNUSED_FUNCTION = YES;
				GCC_WARN_UNUSED_VARIABLE = YES;
				IPHONEOS_DEPLOYMENT_TARGET = 8.3;
				MTL_ENABLE_DEBUG_INFO = YES;
				ONLY_ACTIVE_ARCH = YES;
				SDKROOT = iphoneos;
				SWIFT_OPTIMIZATION_LEVEL = "-Onone";
				TARGETED_DEVICE_FAMILY = "1,2";
			};
			name = Debug;
		};
		A7EE1E141B1FAF650043CFD2 /* Release */ = {
			isa = XCBuildConfiguration;
			buildSettings = {
				ALWAYS_SEARCH_USER_PATHS = NO;
				CLANG_CXX_LANGUAGE_STANDARD = "gnu++0x";
				CLANG_CXX_LIBRARY = "libc++";
				CLANG_ENABLE_MODULES = YES;
				CLANG_ENABLE_OBJC_ARC = YES;
				CLANG_WARN_BOOL_CONVERSION = YES;
				CLANG_WARN_CONSTANT_CONVERSION = YES;
				CLANG_WARN_DIRECT_OBJC_ISA_USAGE = YES_ERROR;
				CLANG_WARN_EMPTY_BODY = YES;
				CLANG_WARN_ENUM_CONVERSION = YES;
				CLANG_WARN_INT_CONVERSION = YES;
				CLANG_WARN_OBJC_ROOT_CLASS = YES_ERROR;
				CLANG_WARN_UNREACHABLE_CODE = YES;
				CLANG_WARN__DUPLICATE_METHOD_MATCH = YES;
				"CODE_SIGN_IDENTITY[sdk=iphoneos*]" = "iPhone Developer";
				COPY_PHASE_STRIP = NO;
				DEBUG_INFORMATION_FORMAT = "dwarf-with-dsym";
				ENABLE_NS_ASSERTIONS = NO;
				ENABLE_STRICT_OBJC_MSGSEND = YES;
				GCC_C_LANGUAGE_STANDARD = gnu99;
				GCC_NO_COMMON_BLOCKS = YES;
				GCC_WARN_64_TO_32_BIT_CONVERSION = YES;
				GCC_WARN_ABOUT_RETURN_TYPE = YES_ERROR;
				GCC_WARN_UNDECLARED_SELECTOR = YES;
				GCC_WARN_UNINITIALIZED_AUTOS = YES_AGGRESSIVE;
				GCC_WARN_UNUSED_FUNCTION = YES;
				GCC_WARN_UNUSED_VARIABLE = YES;
				IPHONEOS_DEPLOYMENT_TARGET = 8.3;
				MTL_ENABLE_DEBUG_INFO = NO;
				SDKROOT = iphoneos;
				TARGETED_DEVICE_FAMILY = "1,2";
				VALIDATE_PRODUCT = YES;
			};
			name = Release;
		};
		A7EE1E161B1FAF650043CFD2 /* Debug */ = {
			isa = XCBuildConfiguration;
			buildSettings = {
				ASSETCATALOG_COMPILER_APPICON_NAME = AppIcon;
				INFOPLIST_FILE = TranRecorder/Info.plist;
				LD_RUNPATH_SEARCH_PATHS = "$(inherited) @executable_path/Frameworks";
				PRODUCT_NAME = "$(TARGET_NAME)";
			};
			name = Debug;
		};
		A7EE1E171B1FAF650043CFD2 /* Release */ = {
			isa = XCBuildConfiguration;
			buildSettings = {
				ASSETCATALOG_COMPILER_APPICON_NAME = AppIcon;
				INFOPLIST_FILE = TranRecorder/Info.plist;
				LD_RUNPATH_SEARCH_PATHS = "$(inherited) @executable_path/Frameworks";
				PRODUCT_NAME = "$(TARGET_NAME)";
			};
			name = Release;
		};
		A7EE1E191B1FAF650043CFD2 /* Debug */ = {
			isa = XCBuildConfiguration;
			buildSettings = {
				BUNDLE_LOADER = "$(TEST_HOST)";
				FRAMEWORK_SEARCH_PATHS = (
					"$(SDKROOT)/Developer/Library/Frameworks",
					"$(inherited)",
				);
				GCC_PREPROCESSOR_DEFINITIONS = (
					"DEBUG=1",
					"$(inherited)",
				);
				INFOPLIST_FILE = TranRecorderTests/Info.plist;
				LD_RUNPATH_SEARCH_PATHS = "$(inherited) @executable_path/Frameworks @loader_path/Frameworks";
				PRODUCT_NAME = "$(TARGET_NAME)";
				TEST_HOST = "$(BUILT_PRODUCTS_DIR)/TranRecorder.app/TranRecorder";
			};
			name = Debug;
		};
		A7EE1E1A1B1FAF650043CFD2 /* Release */ = {
			isa = XCBuildConfiguration;
			buildSettings = {
				BUNDLE_LOADER = "$(TEST_HOST)";
				FRAMEWORK_SEARCH_PATHS = (
					"$(SDKROOT)/Developer/Library/Frameworks",
					"$(inherited)",
				);
				INFOPLIST_FILE = TranRecorderTests/Info.plist;
				LD_RUNPATH_SEARCH_PATHS = "$(inherited) @executable_path/Frameworks @loader_path/Frameworks";
				PRODUCT_NAME = "$(TARGET_NAME)";
				TEST_HOST = "$(BUILT_PRODUCTS_DIR)/TranRecorder.app/TranRecorder";
			};
			name = Release;
		};
/* End XCBuildConfiguration section */

/* Begin XCConfigurationList section */
		A7EE1DF11B1FAF650043CFD2 /* Build configuration list for PBXProject "TranRecorder" */ = {
			isa = XCConfigurationList;
			buildConfigurations = (
				A7EE1E131B1FAF650043CFD2 /* Debug */,
				A7EE1E141B1FAF650043CFD2 /* Release */,
			);
			defaultConfigurationIsVisible = 0;
			defaultConfigurationName = Release;
		};
		A7EE1E151B1FAF650043CFD2 /* Build configuration list for PBXNativeTarget "TranRecorder" */ = {
			isa = XCConfigurationList;
			buildConfigurations = (
				A7EE1E161B1FAF650043CFD2 /* Debug */,
				A7EE1E171B1FAF650043CFD2 /* Release */,
			);
			defaultConfigurationIsVisible = 0;
		};
		A7EE1E181B1FAF650043CFD2 /* Build configuration list for PBXNativeTarget "TranRecorderTests" */ = {
			isa = XCConfigurationList;
			buildConfigurations = (
				A7EE1E191B1FAF650043CFD2 /* Debug */,
				A7EE1E1A1B1FAF650043CFD2 /* Release */,
			);
			defaultConfigurationIsVisible = 0;
		};
/* End XCConfigurationList section */
	};
	rootObject = A7EE1DEE1B1FAF650043CFD2 /* Project object */;
}
